// !$*UTF8*$!
{
	archiveVersion = 1;
	classes = {
	};
	objectVersion = 56;
	objects = {

/* Begin PBXBuildFile section */
		698749E329696C5C00AA3DD0 /* ModuleAViewController.swift in Sources */ = {isa = PBXBuildFile; fileRef = 6999A4BC29696A900069C4B7 /* ModuleAViewController.swift */; };
		69874A472969BE3700AA3DD0 /* modularized_shared_module.framework in Frameworks */ = {isa = PBXBuildFile; fileRef = 69874A462969BE2F00AA3DD0 /* modularized_shared_module.framework */; };
		69874A482969BE3700AA3DD0 /* modularized_shared_module.framework in Embed Frameworks */ = {isa = PBXBuildFile; fileRef = 69874A462969BE2F00AA3DD0 /* modularized_shared_module.framework */; settings = {ATTRIBUTES = (RemoveHeadersOnCopy, ); }; };
		6999A4B129696A010069C4B7 /* modularized_module_a.docc in Sources */ = {isa = PBXBuildFile; fileRef = 6999A4B029696A010069C4B7 /* modularized_module_a.docc */; };
		6999A4B229696A010069C4B7 /* modularized_module_a.h in Headers */ = {isa = PBXBuildFile; fileRef = 6999A4AF29696A010069C4B7 /* modularized_module_a.h */; settings = {ATTRIBUTES = (Public, ); }; };
		CB1D8074112E2CD9EBCC10D2 /* Pods_modularized_module_a.framework in Frameworks */ = {isa = PBXBuildFile; fileRef = ED122A6846D9B212A8341CDF /* Pods_modularized_module_a.framework */; };
/* End PBXBuildFile section */

/* Begin PBXContainerItemProxy section */
		69874A452969BE2F00AA3DD0 /* PBXContainerItemProxy */ = {
			isa = PBXContainerItemProxy;
			containerPortal = 69874A412969BE2F00AA3DD0 /* modularized_shared_module.xcodeproj */;
			proxyType = 2;
			remoteGlobalIDString = 69874A332969BC9900AA3DD0;
			remoteInfo = modularized_shared_module;
		};
/* End PBXContainerItemProxy section */

/* Begin PBXCopyFilesBuildPhase section */
		69874A492969BE3700AA3DD0 /* Embed Frameworks */ = {
			isa = PBXCopyFilesBuildPhase;
			buildActionMask = 2147483647;
			dstPath = "";
			dstSubfolderSpec = 10;
			files = (
				69874A482969BE3700AA3DD0 /* modularized_shared_module.framework in Embed Frameworks */,
			);
			name = "Embed Frameworks";
			runOnlyForDeploymentPostprocessing = 0;
		};
/* End PBXCopyFilesBuildPhase section */

/* Begin PBXFileReference section */
		69874A412969BE2F00AA3DD0 /* modularized_shared_module.xcodeproj */ = {isa = PBXFileReference; lastKnownFileType = "wrapper.pb-project"; name = modularized_shared_module.xcodeproj; path = ../../modularized_shared_module/modularized_shared_module.xcodeproj; sourceTree = "<group>"; };
		6999A4AC29696A010069C4B7 /* modularized_module_a.framework */ = {isa = PBXFileReference; explicitFileType = wrapper.framework; includeInIndex = 0; path = modularized_module_a.framework; sourceTree = BUILT_PRODUCTS_DIR; };
		6999A4AF29696A010069C4B7 /* modularized_module_a.h */ = {isa = PBXFileReference; lastKnownFileType = sourcecode.c.h; path = modularized_module_a.h; sourceTree = "<group>"; };
		6999A4B029696A010069C4B7 /* modularized_module_a.docc */ = {isa = PBXFileReference; lastKnownFileType = folder.documentationcatalog; path = modularized_module_a.docc; sourceTree = "<group>"; };
		6999A4BC29696A900069C4B7 /* ModuleAViewController.swift */ = {isa = PBXFileReference; lastKnownFileType = sourcecode.swift; path = ModuleAViewController.swift; sourceTree = "<group>"; };
		A6CC9E2D60FF8996F877F64A /* Pods-modularized_module_a.release.xcconfig */ = {isa = PBXFileReference; includeInIndex = 1; lastKnownFileType = text.xcconfig; name = "Pods-modularized_module_a.release.xcconfig"; path = "Target Support Files/Pods-modularized_module_a/Pods-modularized_module_a.release.xcconfig"; sourceTree = "<group>"; };
		BF0BB23B5F6DCDF6D0769F70 /* Pods-modularized_module_a.debug.xcconfig */ = {isa = PBXFileReference; includeInIndex = 1; lastKnownFileType = text.xcconfig; name = "Pods-modularized_module_a.debug.xcconfig"; path = "Target Support Files/Pods-modularized_module_a/Pods-modularized_module_a.debug.xcconfig"; sourceTree = "<group>"; };
		ED122A6846D9B212A8341CDF /* Pods_modularized_module_a.framework */ = {isa = PBXFileReference; explicitFileType = wrapper.framework; includeInIndex = 0; path = Pods_modularized_module_a.framework; sourceTree = BUILT_PRODUCTS_DIR; };
/* End PBXFileReference section */

/* Begin PBXFrameworksBuildPhase section */
		6999A4A929696A010069C4B7 /* Frameworks */ = {
			isa = PBXFrameworksBuildPhase;
			buildActionMask = 2147483647;
			files = (
				69874A472969BE3700AA3DD0 /* modularized_shared_module.framework in Frameworks */,
				CB1D8074112E2CD9EBCC10D2 /* Pods_modularized_module_a.framework in Frameworks */,
			);
			runOnlyForDeploymentPostprocessing = 0;
		};
/* End PBXFrameworksBuildPhase section */

/* Begin PBXGroup section */
		22C92FD76B76B8B78462D854 /* Frameworks */ = {
			isa = PBXGroup;
			children = (
				ED122A6846D9B212A8341CDF /* Pods_modularized_module_a.framework */,
			);
			name = Frameworks;
			sourceTree = "<group>";
		};
		69874A402969BE1E00AA3DD0 /* Projects */ = {
			isa = PBXGroup;
			children = (
				69874A412969BE2F00AA3DD0 /* modularized_shared_module.xcodeproj */,
			);
			path = Projects;
			sourceTree = "<group>";
		};
		69874A422969BE2F00AA3DD0 /* Products */ = {
			isa = PBXGroup;
			children = (
				69874A462969BE2F00AA3DD0 /* modularized_shared_module.framework */,
			);
			name = Products;
			sourceTree = "<group>";
		};
		6999A4A229696A010069C4B7 = {
			isa = PBXGroup;
			children = (
				6999A4AE29696A010069C4B7 /* modularized_module_a */,
				6999A4AD29696A010069C4B7 /* Products */,
				9D1F974134F255A53B58D3E6 /* Pods */,
				22C92FD76B76B8B78462D854 /* Frameworks */,
				69874A402969BE1E00AA3DD0 /* Projects */,
			);
			sourceTree = "<group>";
		};
		6999A4AD29696A010069C4B7 /* Products */ = {
			isa = PBXGroup;
			children = (
				6999A4AC29696A010069C4B7 /* modularized_module_a.framework */,
			);
			name = Products;
			sourceTree = "<group>";
		};
		6999A4AE29696A010069C4B7 /* modularized_module_a */ = {
			isa = PBXGroup;
			children = (
				6999A4BE29696A900069C4B7 /* Module A */,
				6999A4AF29696A010069C4B7 /* modularized_module_a.h */,
				6999A4B029696A010069C4B7 /* modularized_module_a.docc */,
			);
			path = modularized_module_a;
			sourceTree = "<group>";
		};
		6999A4BE29696A900069C4B7 /* Module A */ = {
			isa = PBXGroup;
			children = (
				6999A4BC29696A900069C4B7 /* ModuleAViewController.swift */,
			);
			path = "Module A";
			sourceTree = "<group>";
		};
		9D1F974134F255A53B58D3E6 /* Pods */ = {
			isa = PBXGroup;
			children = (
				BF0BB23B5F6DCDF6D0769F70 /* Pods-modularized_module_a.debug.xcconfig */,
				A6CC9E2D60FF8996F877F64A /* Pods-modularized_module_a.release.xcconfig */,
			);
			name = Pods;
			path = ../Pods;
			sourceTree = "<group>";
		};
/* End PBXGroup section */

/* Begin PBXHeadersBuildPhase section */
		6999A4A729696A010069C4B7 /* Headers */ = {
			isa = PBXHeadersBuildPhase;
			buildActionMask = 2147483647;
			files = (
				6999A4B229696A010069C4B7 /* modularized_module_a.h in Headers */,
			);
			runOnlyForDeploymentPostprocessing = 0;
		};
/* End PBXHeadersBuildPhase section */

/* Begin PBXNativeTarget section */
		6999A4AB29696A010069C4B7 /* modularized_module_a */ = {
			isa = PBXNativeTarget;
			buildConfigurationList = 6999A4B529696A010069C4B7 /* Build configuration list for PBXNativeTarget "modularized_module_a" */;
			buildPhases = (
				C513D745C5741D5A61F87E17 /* [CP] Check Pods Manifest.lock */,
				6999A4A729696A010069C4B7 /* Headers */,
				6999A4A829696A010069C4B7 /* Sources */,
				6999A4A929696A010069C4B7 /* Frameworks */,
				6999A4AA29696A010069C4B7 /* Resources */,
				69874A492969BE3700AA3DD0 /* Embed Frameworks */,
			);
			buildRules = (
			);
			dependencies = (
			);
			name = modularized_module_a;
			productName = modularized_module_a;
			productReference = 6999A4AC29696A010069C4B7 /* modularized_module_a.framework */;
			productType = "com.apple.product-type.framework";
		};
/* End PBXNativeTarget section */

/* Begin PBXProject section */
		6999A4A329696A010069C4B7 /* Project object */ = {
			isa = PBXProject;
			attributes = {
				BuildIndependentTargetsInParallel = 1;
				LastUpgradeCheck = 1420;
				TargetAttributes = {
					6999A4AB29696A010069C4B7 = {
						CreatedOnToolsVersion = 14.2;
					};
				};
			};
			buildConfigurationList = 6999A4A629696A010069C4B7 /* Build configuration list for PBXProject "modularized_module_a" */;
			compatibilityVersion = "Xcode 14.0";
			developmentRegion = en;
			hasScannedForEncodings = 0;
			knownRegions = (
				en,
				Base,
			);
			mainGroup = 6999A4A229696A010069C4B7;
			productRefGroup = 6999A4AD29696A010069C4B7 /* Products */;
			projectDirPath = "";
			projectReferences = (
				{
					ProductGroup = 69874A422969BE2F00AA3DD0 /* Products */;
					ProjectRef = 69874A412969BE2F00AA3DD0 /* modularized_shared_module.xcodeproj */;
				},
			);
			projectRoot = "";
			targets = (
				6999A4AB29696A010069C4B7 /* modularized_module_a */,
			);
		};
/* End PBXProject section */

/* Begin PBXReferenceProxy section */
		69874A462969BE2F00AA3DD0 /* modularized_shared_module.framework */ = {
			isa = PBXReferenceProxy;
			fileType = wrapper.framework;
			path = modularized_shared_module.framework;
			remoteRef = 69874A452969BE2F00AA3DD0 /* PBXContainerItemProxy */;
			sourceTree = BUILT_PRODUCTS_DIR;
		};
/* End PBXReferenceProxy section */

/* Begin PBXResourcesBuildPhase section */
		6999A4AA29696A010069C4B7 /* Resources */ = {
			isa = PBXResourcesBuildPhase;
			buildActionMask = 2147483647;
			files = (
			);
			runOnlyForDeploymentPostprocessing = 0;
		};
/* End PBXResourcesBuildPhase section */

/* Begin PBXShellScriptBuildPhase section */
		C513D745C5741D5A61F87E17 /* [CP] Check Pods Manifest.lock */ = {
			isa = PBXShellScriptBuildPhase;
			buildActionMask = 2147483647;
			files = (
			);
			inputFileListPaths = (
			);
			inputPaths = (
				"${PODS_PODFILE_DIR_PATH}/Podfile.lock",
				"${PODS_ROOT}/Manifest.lock",
			);
			name = "[CP] Check Pods Manifest.lock";
			outputFileListPaths = (
			);
			outputPaths = (
				"$(DERIVED_FILE_DIR)/Pods-modularized_module_a-checkManifestLockResult.txt",
			);
			runOnlyForDeploymentPostprocessing = 0;
			shellPath = /bin/sh;
			shellScript = "diff \"${PODS_PODFILE_DIR_PATH}/Podfile.lock\" \"${PODS_ROOT}/Manifest.lock\" > /dev/null\nif [ $? != 0 ] ; then\n    # print error to STDERR\n    echo \"error: The sandbox is not in sync with the Podfile.lock. Run 'pod install' or update your CocoaPods installation.\" >&2\n    exit 1\nfi\n# This output is used by Xcode 'outputs' to avoid re-running this script phase.\necho \"SUCCESS\" > \"${SCRIPT_OUTPUT_FILE_0}\"\n";
			showEnvVarsInLog = 0;
		};
/* End PBXShellScriptBuildPhase section */

/* Begin PBXSourcesBuildPhase section */
		6999A4A829696A010069C4B7 /* Sources */ = {
			isa = PBXSourcesBuildPhase;
			buildActionMask = 2147483647;
			files = (
				698749E329696C5C00AA3DD0 /* ModuleAViewController.swift in Sources */,
				6999A4B129696A010069C4B7 /* modularized_module_a.docc in Sources */,
			);
			runOnlyForDeploymentPostprocessing = 0;
		};
/* End PBXSourcesBuildPhase section */

/* Begin XCBuildConfiguration section */
		6999A4B329696A010069C4B7 /* Debug */ = {
			isa = XCBuildConfiguration;
			buildSettings = {
				ALWAYS_SEARCH_USER_PATHS = NO;
				CLANG_ANALYZER_NONNULL = YES;
				CLANG_ANALYZER_NUMBER_OBJECT_CONVERSION = YES_AGGRESSIVE;
				CLANG_CXX_LANGUAGE_STANDARD = "gnu++20";
				CLANG_ENABLE_MODULES = YES;
				CLANG_ENABLE_OBJC_ARC = YES;
				CLANG_ENABLE_OBJC_WEAK = YES;
				CLANG_WARN_BLOCK_CAPTURE_AUTORELEASING = YES;
				CLANG_WARN_BOOL_CONVERSION = YES;
				CLANG_WARN_COMMA = YES;
				CLANG_WARN_CONSTANT_CONVERSION = YES;
				CLANG_WARN_DEPRECATED_OBJC_IMPLEMENTATIONS = YES;
				CLANG_WARN_DIRECT_OBJC_ISA_USAGE = YES_ERROR;
				CLANG_WARN_DOCUMENTATION_COMMENTS = YES;
				CLANG_WARN_EMPTY_BODY = YES;
				CLANG_WARN_ENUM_CONVERSION = YES;
				CLANG_WARN_INFINITE_RECURSION = YES;
				CLANG_WARN_INT_CONVERSION = YES;
				CLANG_WARN_NON_LITERAL_NULL_CONVERSION = YES;
				CLANG_WARN_OBJC_IMPLICIT_RETAIN_SELF = YES;
				CLANG_WARN_OBJC_LITERAL_CONVERSION = YES;
				CLANG_WARN_OBJC_ROOT_CLASS = YES_ERROR;
				CLANG_WARN_QUOTED_INCLUDE_IN_FRAMEWORK_HEADER = YES;
				CLANG_WARN_RANGE_LOOP_ANALYSIS = YES;
				CLANG_WARN_STRICT_PROTOTYPES = YES;
				CLANG_WARN_SUSPICIOUS_MOVE = YES;
				CLANG_WARN_UNGUARDED_AVAILABILITY = YES_AGGRESSIVE;
				CLANG_WARN_UNREACHABLE_CODE = YES;
				CLANG_WARN__DUPLICATE_METHOD_MATCH = YES;
				COPY_PHASE_STRIP = NO;
				CURRENT_PROJECT_VERSION = 1;
				DEBUG_INFORMATION_FORMAT = dwarf;
				ENABLE_STRICT_OBJC_MSGSEND = YES;
				ENABLE_TESTABILITY = YES;
				GCC_C_LANGUAGE_STANDARD = gnu11;
				GCC_DYNAMIC_NO_PIC = NO;
				GCC_NO_COMMON_BLOCKS = YES;
				GCC_OPTIMIZATION_LEVEL = 0;
				GCC_PREPROCESSOR_DEFINITIONS = (
					"DEBUG=1",
					"$(inherited)",
				);
				GCC_WARN_64_TO_32_BIT_CONVERSION = YES;
				GCC_WARN_ABOUT_RETURN_TYPE = YES_ERROR;
				GCC_WARN_UNDECLARED_SELECTOR = YES;
				GCC_WARN_UNINITIALIZED_AUTOS = YES_AGGRESSIVE;
				GCC_WARN_UNUSED_FUNCTION = YES;
				GCC_WARN_UNUSED_VARIABLE = YES;
				IPHONEOS_DEPLOYMENT_TARGET = 16.2;
				MTL_ENABLE_DEBUG_INFO = INCLUDE_SOURCE;
				MTL_FAST_MATH = YES;
				ONLY_ACTIVE_ARCH = YES;
				SDKROOT = iphoneos;
				SWIFT_ACTIVE_COMPILATION_CONDITIONS = DEBUG;
				SWIFT_OPTIMIZATION_LEVEL = "-Onone";
				VERSIONING_SYSTEM = "apple-generic";
				VERSION_INFO_PREFIX = "";
			};
			name = Debug;
		};
		6999A4B429696A010069C4B7 /* Release */ = {
			isa = XCBuildConfiguration;
			buildSettings = {
				ALWAYS_SEARCH_USER_PATHS = NO;
				CLANG_ANALYZER_NONNULL = YES;
				CLANG_ANALYZER_NUMBER_OBJECT_CONVERSION = YES_AGGRESSIVE;
				CLANG_CXX_LANGUAGE_STANDARD = "gnu++20";
				CLANG_ENABLE_MODULES = YES;
				CLANG_ENABLE_OBJC_ARC = YES;
				CLANG_ENABLE_OBJC_WEAK = YES;
				CLANG_WARN_BLOCK_CAPTURE_AUTORELEASING = YES;
				CLANG_WARN_BOOL_CONVERSION = YES;
				CLANG_WARN_COMMA = YES;
				CLANG_WARN_CONSTANT_CONVERSION = YES;
				CLANG_WARN_DEPRECATED_OBJC_IMPLEMENTATIONS = YES;
				CLANG_WARN_DIRECT_OBJC_ISA_USAGE = YES_ERROR;
				CLANG_WARN_DOCUMENTATION_COMMENTS = YES;
				CLANG_WARN_EMPTY_BODY = YES;
				CLANG_WARN_ENUM_CONVERSION = YES;
				CLANG_WARN_INFINITE_RECURSION = YES;
				CLANG_WARN_INT_CONVERSION = YES;
				CLANG_WARN_NON_LITERAL_NULL_CONVERSION = YES;
				CLANG_WARN_OBJC_IMPLICIT_RETAIN_SELF = YES;
				CLANG_WARN_OBJC_LITERAL_CONVERSION = YES;
				CLANG_WARN_OBJC_ROOT_CLASS = YES_ERROR;
				CLANG_WARN_QUOTED_INCLUDE_IN_FRAMEWORK_HEADER = YES;
				CLANG_WARN_RANGE_LOOP_ANALYSIS = YES;
				CLANG_WARN_STRICT_PROTOTYPES = YES;
				CLANG_WARN_SUSPICIOUS_MOVE = YES;
				CLANG_WARN_UNGUARDED_AVAILABILITY = YES_AGGRESSIVE;
				CLANG_WARN_UNREACHABLE_CODE = YES;
				CLANG_WARN__DUPLICATE_METHOD_MATCH = YES;
				COPY_PHASE_STRIP = NO;
				CURRENT_PROJECT_VERSION = 1;
				DEBUG_INFORMATION_FORMAT = "dwarf-with-dsym";
				ENABLE_NS_ASSERTIONS = NO;
				ENABLE_STRICT_OBJC_MSGSEND = YES;
				GCC_C_LANGUAGE_STANDARD = gnu11;
				GCC_NO_COMMON_BLOCKS = YES;
				GCC_WARN_64_TO_32_BIT_CONVERSION = YES;
				GCC_WARN_ABOUT_RETURN_TYPE = YES_ERROR;
				GCC_WARN_UNDECLARED_SELECTOR = YES;
				GCC_WARN_UNINITIALIZED_AUTOS = YES_AGGRESSIVE;
				GCC_WARN_UNUSED_FUNCTION = YES;
				GCC_WARN_UNUSED_VARIABLE = YES;
				IPHONEOS_DEPLOYMENT_TARGET = 16.2;
				MTL_ENABLE_DEBUG_INFO = NO;
				MTL_FAST_MATH = YES;
				SDKROOT = iphoneos;
				SWIFT_COMPILATION_MODE = wholemodule;
				SWIFT_OPTIMIZATION_LEVEL = "-O";
				VALIDATE_PRODUCT = YES;
				VERSIONING_SYSTEM = "apple-generic";
				VERSION_INFO_PREFIX = "";
			};
			name = Release;
		};
		6999A4B629696A010069C4B7 /* Debug */ = {
			isa = XCBuildConfiguration;
			baseConfigurationReference = BF0BB23B5F6DCDF6D0769F70 /* Pods-modularized_module_a.debug.xcconfig */;
			buildSettings = {
				CODE_SIGN_STYLE = Automatic;
				CURRENT_PROJECT_VERSION = 1;
				DEFINES_MODULE = YES;
				DEVELOPMENT_TEAM = SHL3H8FQ66;
				DYLIB_COMPATIBILITY_VERSION = 1;
				DYLIB_CURRENT_VERSION = 1;
				DYLIB_INSTALL_NAME_BASE = "@rpath";
				GENERATE_INFOPLIST_FILE = YES;
				INFOPLIST_KEY_NSHumanReadableCopyright = "";
				INSTALL_PATH = "$(LOCAL_LIBRARY_DIR)/Frameworks";
				LD_RUNPATH_SEARCH_PATHS = (
					"$(inherited)",
					"@executable_path/Frameworks",
					"@loader_path/Frameworks",
				);
				MARKETING_VERSION = 1.0;
				PRODUCT_BUNDLE_IDENTIFIER = "tech.aaleksieiev.modularized-module-a";
				PRODUCT_NAME = "$(TARGET_NAME:c99extidentifier)";
				SKIP_INSTALL = YES;
				SWIFT_EMIT_LOC_STRINGS = YES;
				SWIFT_VERSION = 5.0;
				TARGETED_DEVICE_FAMILY = "1,2";
			};
			name = Debug;
		};
		6999A4B729696A010069C4B7 /* Release */ = {
			isa = XCBuildConfiguration;
			baseConfigurationReference = A6CC9E2D60FF8996F877F64A /* Pods-modularized_module_a.release.xcconfig */;
			buildSettings = {
				CODE_SIGN_STYLE = Automatic;
				CURRENT_PROJECT_VERSION = 1;
				DEFINES_MODULE = YES;
				DEVELOPMENT_TEAM = SHL3H8FQ66;
				DYLIB_COMPATIBILITY_VERSION = 1;
				DYLIB_CURRENT_VERSION = 1;
				DYLIB_INSTALL_NAME_BASE = "@rpath";
				GENERATE_INFOPLIST_FILE = YES;
				INFOPLIST_KEY_NSHumanReadableCopyright = "";
				INSTALL_PATH = "$(LOCAL_LIBRARY_DIR)/Frameworks";
				LD_RUNPATH_SEARCH_PATHS = (
					"$(inherited)",
					"@executable_path/Frameworks",
					"@loader_path/Frameworks",
				);
				MARKETING_VERSION = 1.0;
				PRODUCT_BUNDLE_IDENTIFIER = "tech.aaleksieiev.modularized-module-a";
				PRODUCT_NAME = "$(TARGET_NAME:c99extidentifier)";
				SKIP_INSTALL = YES;
				SWIFT_EMIT_LOC_STRINGS = YES;
				SWIFT_VERSION = 5.0;
				TARGETED_DEVICE_FAMILY = "1,2";
			};
			name = Release;
		};
/* End XCBuildConfiguration section */

/* Begin XCConfigurationList section */
		6999A4A629696A010069C4B7 /* Build configuration list for PBXProject "modularized_module_a" */ = {
			isa = XCConfigurationList;
			buildConfigurations = (
				6999A4B329696A010069C4B7 /* Debug */,
				6999A4B429696A010069C4B7 /* Release */,
			);
			defaultConfigurationIsVisible = 0;
			defaultConfigurationName = Release;
		};
		6999A4B529696A010069C4B7 /* Build configuration list for PBXNativeTarget "modularized_module_a" */ = {
			isa = XCConfigurationList;
			buildConfigurations = (
				6999A4B629696A010069C4B7 /* Debug */,
				6999A4B729696A010069C4B7 /* Release */,
			);
			defaultConfigurationIsVisible = 0;
			defaultConfigurationName = Release;
		};
/* End XCConfigurationList section */
	};
	rootObject = 6999A4A329696A010069C4B7 /* Project object */;
}
